
Microsoft Visual Studio Solution File, Format Version 12.00
# Visual Studio Version 16
VisualStudioVersion = 16.0.29521.150
MinimumVisualStudioVersion = 10.0.40219.1
Project("{FAE04EC0-301F-11D3-BF4B-00C04F79EFBC}") = "Lab2", "Lab2\Lab2.csproj", "{E4CF6383-AB66-4E45-AD38-42B81D49F33B}"
EndProject
Global
	GlobalSection(SolutionConfigurationPlatforms) = preSolution
		Debug|Any CPU = Debug|Any CPU
		Release|Any CPU = Release|Any CPU
	EndGlobalSection
	GlobalSection(ProjectConfigurationPlatforms) = postSolution
		{E4CF6383-AB66-4E45-AD38-42B81D49F33B}.Debug|Any CPU.ActiveCfg = Debug|Any CPU
		{E4CF6383-AB66-4E45-AD38-42B81D49F33B}.Debug|Any CPU.Build.0 = Debug|Any CPU
		{E4CF6383-AB66-4E45-AD38-42B81D49F33B}.Release|Any CPU.ActiveCfg = Release|Any CPU
		{E4CF6383-AB66-4E45-AD38-42B81D49F33B}.Release|Any CPU.Build.0 = Release|Any CPU
	EndGlobalSection
	GlobalSection(SolutionProperties) = preSolution
		HideSolutionNode = FALSE
	EndGlobalSection
	GlobalSection(ExtensibilityGlobals) = postSolution
		SolutionGuid = {70AB5EED-1CBA-4944-B6B1-10185B70B9E8}
	EndGlobalSection
EndGlobal
